// !$*UTF8*$!
{
	archiveVersion = 1;
	classes = {
	};
	objectVersion = 50;
	objects = {

/* Begin PBXBuildFile section */
		3C37414A26CCBCF400D6C5CC /* AppDelegate.swift in Sources */ = {isa = PBXBuildFile; fileRef = 3C37414926CCBCF400D6C5CC /* AppDelegate.swift */; };
		3C37414C26CCBCF400D6C5CC /* SceneDelegate.swift in Sources */ = {isa = PBXBuildFile; fileRef = 3C37414B26CCBCF400D6C5CC /* SceneDelegate.swift */; };
		3C37414E26CCBCF400D6C5CC /* ContentView.swift in Sources */ = {isa = PBXBuildFile; fileRef = 3C37414D26CCBCF400D6C5CC /* ContentView.swift */; };
		3C37415026CCBCF700D6C5CC /* Assets.xcassets in Resources */ = {isa = PBXBuildFile; fileRef = 3C37414F26CCBCF700D6C5CC /* Assets.xcassets */; };
		3C37415326CCBCF700D6C5CC /* Preview Assets.xcassets in Resources */ = {isa = PBXBuildFile; fileRef = 3C37415226CCBCF700D6C5CC /* Preview Assets.xcassets */; };
		3C37415626CCBCF700D6C5CC /* LaunchScreen.storyboard in Resources */ = {isa = PBXBuildFile; fileRef = 3C37415426CCBCF700D6C5CC /* LaunchScreen.storyboard */; };
		3C37416126CCBCF700D6C5CC /* light_up_piano_appTests.swift in Sources */ = {isa = PBXBuildFile; fileRef = 3C37416026CCBCF700D6C5CC /* light_up_piano_appTests.swift */; };
		3C37416C26CCBCF700D6C5CC /* light_up_piano_appUITests.swift in Sources */ = {isa = PBXBuildFile; fileRef = 3C37416B26CCBCF700D6C5CC /* light_up_piano_appUITests.swift */; };
/* End PBXBuildFile section */

/* Begin PBXContainerItemProxy section */
		3C37415D26CCBCF700D6C5CC /* PBXContainerItemProxy */ = {
			isa = PBXContainerItemProxy;
			containerPortal = 3C37413E26CCBCF400D6C5CC /* Project object */;
			proxyType = 1;
			remoteGlobalIDString = 3C37414526CCBCF400D6C5CC;
			remoteInfo = "light-up-piano-app";
		};
		3C37416826CCBCF700D6C5CC /* PBXContainerItemProxy */ = {
			isa = PBXContainerItemProxy;
			containerPortal = 3C37413E26CCBCF400D6C5CC /* Project object */;
			proxyType = 1;
			remoteGlobalIDString = 3C37414526CCBCF400D6C5CC;
			remoteInfo = "light-up-piano-app";
		};
/* End PBXContainerItemProxy section */

/* Begin PBXFileReference section */
		3C37414626CCBCF400D6C5CC /* light-up-piano-app.app */ = {isa = PBXFileReference; explicitFileType = wrapper.application; includeInIndex = 0; path = "light-up-piano-app.app"; sourceTree = BUILT_PRODUCTS_DIR; };
		3C37414926CCBCF400D6C5CC /* AppDelegate.swift */ = {isa = PBXFileReference; lastKnownFileType = sourcecode.swift; path = AppDelegate.swift; sourceTree = "<group>"; };
		3C37414B26CCBCF400D6C5CC /* SceneDelegate.swift */ = {isa = PBXFileReference; lastKnownFileType = sourcecode.swift; path = SceneDelegate.swift; sourceTree = "<group>"; };
		3C37414D26CCBCF400D6C5CC /* ContentView.swift */ = {isa = PBXFileReference; lastKnownFileType = sourcecode.swift; path = ContentView.swift; sourceTree = "<group>"; };
		3C37414F26CCBCF700D6C5CC /* Assets.xcassets */ = {isa = PBXFileReference; lastKnownFileType = folder.assetcatalog; path = Assets.xcassets; sourceTree = "<group>"; };
		3C37415226CCBCF700D6C5CC /* Preview Assets.xcassets */ = {isa = PBXFileReference; lastKnownFileType = folder.assetcatalog; path = "Preview Assets.xcassets"; sourceTree = "<group>"; };
		3C37415526CCBCF700D6C5CC /* Base */ = {isa = PBXFileReference; lastKnownFileType = file.storyboard; name = Base; path = Base.lproj/LaunchScreen.storyboard; sourceTree = "<group>"; };
		3C37415726CCBCF700D6C5CC /* Info.plist */ = {isa = PBXFileReference; lastKnownFileType = text.plist.xml; path = Info.plist; sourceTree = "<group>"; };
		3C37415C26CCBCF700D6C5CC /* light-up-piano-appTests.xctest */ = {isa = PBXFileReference; explicitFileType = wrapper.cfbundle; includeInIndex = 0; path = "light-up-piano-appTests.xctest"; sourceTree = BUILT_PRODUCTS_DIR; };
		3C37416026CCBCF700D6C5CC /* light_up_piano_appTests.swift */ = {isa = PBXFileReference; lastKnownFileType = sourcecode.swift; path = light_up_piano_appTests.swift; sourceTree = "<group>"; };
		3C37416226CCBCF700D6C5CC /* Info.plist */ = {isa = PBXFileReference; lastKnownFileType = text.plist.xml; path = Info.plist; sourceTree = "<group>"; };
		3C37416726CCBCF700D6C5CC /* light-up-piano-appUITests.xctest */ = {isa = PBXFileReference; explicitFileType = wrapper.cfbundle; includeInIndex = 0; path = "light-up-piano-appUITests.xctest"; sourceTree = BUILT_PRODUCTS_DIR; };
		3C37416B26CCBCF700D6C5CC /* light_up_piano_appUITests.swift */ = {isa = PBXFileReference; lastKnownFileType = sourcecode.swift; path = light_up_piano_appUITests.swift; sourceTree = "<group>"; };
		3C37416D26CCBCF700D6C5CC /* Info.plist */ = {isa = PBXFileReference; lastKnownFileType = text.plist.xml; path = Info.plist; sourceTree = "<group>"; };
/* End PBXFileReference section */

/* Begin PBXFrameworksBuildPhase section */
		3C37414326CCBCF400D6C5CC /* Frameworks */ = {
			isa = PBXFrameworksBuildPhase;
			buildActionMask = 2147483647;
			files = (
			);
			runOnlyForDeploymentPostprocessing = 0;
		};
		3C37415926CCBCF700D6C5CC /* Frameworks */ = {
			isa = PBXFrameworksBuildPhase;
			buildActionMask = 2147483647;
			files = (
			);
			runOnlyForDeploymentPostprocessing = 0;
		};
		3C37416426CCBCF700D6C5CC /* Frameworks */ = {
			isa = PBXFrameworksBuildPhase;
			buildActionMask = 2147483647;
			files = (
			);
			runOnlyForDeploymentPostprocessing = 0;
		};
/* End PBXFrameworksBuildPhase section */

/* Begin PBXGroup section */
		3C37413D26CCBCF400D6C5CC = {
			isa = PBXGroup;
			children = (
				3C37414826CCBCF400D6C5CC /* light-up-piano-app */,
				3C37415F26CCBCF700D6C5CC /* light-up-piano-appTests */,
				3C37416A26CCBCF700D6C5CC /* light-up-piano-appUITests */,
				3C37414726CCBCF400D6C5CC /* Products */,
			);
			sourceTree = "<group>";
		};
		3C37414726CCBCF400D6C5CC /* Products */ = {
			isa = PBXGroup;
			children = (
				3C37414626CCBCF400D6C5CC /* light-up-piano-app.app */,
				3C37415C26CCBCF700D6C5CC /* light-up-piano-appTests.xctest */,
				3C37416726CCBCF700D6C5CC /* light-up-piano-appUITests.xctest */,
			);
			name = Products;
			sourceTree = "<group>";
		};
		3C37414826CCBCF400D6C5CC /* light-up-piano-app */ = {
			isa = PBXGroup;
			children = (
				3C37414926CCBCF400D6C5CC /* AppDelegate.swift */,
				3C37414B26CCBCF400D6C5CC /* SceneDelegate.swift */,
				3C37414D26CCBCF400D6C5CC /* ContentView.swift */,
				3C37414F26CCBCF700D6C5CC /* Assets.xcassets */,
				3C37415426CCBCF700D6C5CC /* LaunchScreen.storyboard */,
				3C37415726CCBCF700D6C5CC /* Info.plist */,
				3C37415126CCBCF700D6C5CC /* Preview Content */,
			);
			path = "light-up-piano-app";
			sourceTree = "<group>";
		};
		3C37415126CCBCF700D6C5CC /* Preview Content */ = {
			isa = PBXGroup;
			children = (
				3C37415226CCBCF700D6C5CC /* Preview Assets.xcassets */,
			);
			path = "Preview Content";
			sourceTree = "<group>";
		};
		3C37415F26CCBCF700D6C5CC /* light-up-piano-appTests */ = {
			isa = PBXGroup;
			children = (
				3C37416026CCBCF700D6C5CC /* light_up_piano_appTests.swift */,
				3C37416226CCBCF700D6C5CC /* Info.plist */,
			);
			path = "light-up-piano-appTests";
			sourceTree = "<group>";
		};
		3C37416A26CCBCF700D6C5CC /* light-up-piano-appUITests */ = {
			isa = PBXGroup;
			children = (
				3C37416B26CCBCF700D6C5CC /* light_up_piano_appUITests.swift */,
				3C37416D26CCBCF700D6C5CC /* Info.plist */,
			);
			path = "light-up-piano-appUITests";
			sourceTree = "<group>";
		};
/* End PBXGroup section */

/* Begin PBXNativeTarget section */
		3C37414526CCBCF400D6C5CC /* light-up-piano-app */ = {
			isa = PBXNativeTarget;
			buildConfigurationList = 3C37417026CCBCF700D6C5CC /* Build configuration list for PBXNativeTarget "light-up-piano-app" */;
			buildPhases = (
				3C37414226CCBCF400D6C5CC /* Sources */,
				3C37414326CCBCF400D6C5CC /* Frameworks */,
				3C37414426CCBCF400D6C5CC /* Resources */,
			);
			buildRules = (
			);
			dependencies = (
			);
			name = "light-up-piano-app";
			productName = "light-up-piano-app";
			productReference = 3C37414626CCBCF400D6C5CC /* light-up-piano-app.app */;
			productType = "com.apple.product-type.application";
		};
		3C37415B26CCBCF700D6C5CC /* light-up-piano-appTests */ = {
			isa = PBXNativeTarget;
			buildConfigurationList = 3C37417326CCBCF700D6C5CC /* Build configuration list for PBXNativeTarget "light-up-piano-appTests" */;
			buildPhases = (
				3C37415826CCBCF700D6C5CC /* Sources */,
				3C37415926CCBCF700D6C5CC /* Frameworks */,
				3C37415A26CCBCF700D6C5CC /* Resources */,
			);
			buildRules = (
			);
			dependencies = (
				3C37415E26CCBCF700D6C5CC /* PBXTargetDependency */,
			);
			name = "light-up-piano-appTests";
			productName = "light-up-piano-appTests";
			productReference = 3C37415C26CCBCF700D6C5CC /* light-up-piano-appTests.xctest */;
			productType = "com.apple.product-type.bundle.unit-test";
		};
		3C37416626CCBCF700D6C5CC /* light-up-piano-appUITests */ = {
			isa = PBXNativeTarget;
			buildConfigurationList = 3C37417626CCBCF700D6C5CC /* Build configuration list for PBXNativeTarget "light-up-piano-appUITests" */;
			buildPhases = (
				3C37416326CCBCF700D6C5CC /* Sources */,
				3C37416426CCBCF700D6C5CC /* Frameworks */,
				3C37416526CCBCF700D6C5CC /* Resources */,
			);
			buildRules = (
			);
			dependencies = (
				3C37416926CCBCF700D6C5CC /* PBXTargetDependency */,
			);
			name = "light-up-piano-appUITests";
			productName = "light-up-piano-appUITests";
			productReference = 3C37416726CCBCF700D6C5CC /* light-up-piano-appUITests.xctest */;
			productType = "com.apple.product-type.bundle.ui-testing";
		};
/* End PBXNativeTarget section */

/* Begin PBXProject section */
		3C37413E26CCBCF400D6C5CC /* Project object */ = {
			isa = PBXProject;
			attributes = {
				LastSwiftUpdateCheck = 1100;
				LastUpgradeCheck = 1100;
				ORGANIZATIONNAME = "d-shop";
				TargetAttributes = {
					3C37414526CCBCF400D6C5CC = {
						CreatedOnToolsVersion = 11.0;
					};
					3C37415B26CCBCF700D6C5CC = {
						CreatedOnToolsVersion = 11.0;
						TestTargetID = 3C37414526CCBCF400D6C5CC;
					};
					3C37416626CCBCF700D6C5CC = {
						CreatedOnToolsVersion = 11.0;
						TestTargetID = 3C37414526CCBCF400D6C5CC;
					};
				};
			};
			buildConfigurationList = 3C37414126CCBCF400D6C5CC /* Build configuration list for PBXProject "light-up-piano-app" */;
			compatibilityVersion = "Xcode 9.3";
			developmentRegion = en;
			hasScannedForEncodings = 0;
			knownRegions = (
				en,
				Base,
			);
			mainGroup = 3C37413D26CCBCF400D6C5CC;
			productRefGroup = 3C37414726CCBCF400D6C5CC /* Products */;
			projectDirPath = "";
			projectRoot = "";
			targets = (
				3C37414526CCBCF400D6C5CC /* light-up-piano-app */,
				3C37415B26CCBCF700D6C5CC /* light-up-piano-appTests */,
				3C37416626CCBCF700D6C5CC /* light-up-piano-appUITests */,
			);
		};
/* End PBXProject section */

/* Begin PBXResourcesBuildPhase section */
		3C37414426CCBCF400D6C5CC /* Resources */ = {
			isa = PBXResourcesBuildPhase;
			buildActionMask = 2147483647;
			files = (
				3C37415626CCBCF700D6C5CC /* LaunchScreen.storyboard in Resources */,
				3C37415326CCBCF700D6C5CC /* Preview Assets.xcassets in Resources */,
				3C37415026CCBCF700D6C5CC /* Assets.xcassets in Resources */,
			);
			runOnlyForDeploymentPostprocessing = 0;
		};
		3C37415A26CCBCF700D6C5CC /* Resources */ = {
			isa = PBXResourcesBuildPhase;
			buildActionMask = 2147483647;
			files = (
			);
			runOnlyForDeploymentPostprocessing = 0;
		};
		3C37416526CCBCF700D6C5CC /* Resources */ = {
			isa = PBXResourcesBuildPhase;
			buildActionMask = 2147483647;
			files = (
			);
			runOnlyForDeploymentPostprocessing = 0;
		};
/* End PBXResourcesBuildPhase section */

/* Begin PBXSourcesBuildPhase section */
		3C37414226CCBCF400D6C5CC /* Sources */ = {
			isa = PBXSourcesBuildPhase;
			buildActionMask = 2147483647;
			files = (
				3C37414A26CCBCF400D6C5CC /* AppDelegate.swift in Sources */,
				3C37414C26CCBCF400D6C5CC /* SceneDelegate.swift in Sources */,
				3C37414E26CCBCF400D6C5CC /* ContentView.swift in Sources */,
			);
			runOnlyForDeploymentPostprocessing = 0;
		};
		3C37415826CCBCF700D6C5CC /* Sources */ = {
			isa = PBXSourcesBuildPhase;
			buildActionMask = 2147483647;
			files = (
				3C37416126CCBCF700D6C5CC /* light_up_piano_appTests.swift in Sources */,
			);
			runOnlyForDeploymentPostprocessing = 0;
		};
		3C37416326CCBCF700D6C5CC /* Sources */ = {
			isa = PBXSourcesBuildPhase;
			buildActionMask = 2147483647;
			files = (
				3C37416C26CCBCF700D6C5CC /* light_up_piano_appUITests.swift in Sources */,
			);
			runOnlyForDeploymentPostprocessing = 0;
		};
/* End PBXSourcesBuildPhase section */

/* Begin PBXTargetDependency section */
		3C37415E26CCBCF700D6C5CC /* PBXTargetDependency */ = {
			isa = PBXTargetDependency;
			target = 3C37414526CCBCF400D6C5CC /* light-up-piano-app */;
			targetProxy = 3C37415D26CCBCF700D6C5CC /* PBXContainerItemProxy */;
		};
		3C37416926CCBCF700D6C5CC /* PBXTargetDependency */ = {
			isa = PBXTargetDependency;
			target = 3C37414526CCBCF400D6C5CC /* light-up-piano-app */;
			targetProxy = 3C37416826CCBCF700D6C5CC /* PBXContainerItemProxy */;
		};
/* End PBXTargetDependency section */

/* Begin PBXVariantGroup section */
		3C37415426CCBCF700D6C5CC /* LaunchScreen.storyboard */ = {
			isa = PBXVariantGroup;
			children = (
				3C37415526CCBCF700D6C5CC /* Base */,
			);
			name = LaunchScreen.storyboard;
			sourceTree = "<group>";
		};
/* End PBXVariantGroup section */

/* Begin XCBuildConfiguration section */
		3C37416E26CCBCF700D6C5CC /* Debug */ = {
			isa = XCBuildConfiguration;
			buildSettings = {
				ALWAYS_SEARCH_USER_PATHS = NO;
				CLANG_ANALYZER_NONNULL = YES;
				CLANG_ANALYZER_NUMBER_OBJECT_CONVERSION = YES_AGGRESSIVE;
				CLANG_CXX_LANGUAGE_STANDARD = "gnu++14";
				CLANG_CXX_LIBRARY = "libc++";
				CLANG_ENABLE_MODULES = YES;
				CLANG_ENABLE_OBJC_ARC = YES;
				CLANG_ENABLE_OBJC_WEAK = YES;
				CLANG_WARN_BLOCK_CAPTURE_AUTORELEASING = YES;
				CLANG_WARN_BOOL_CONVERSION = YES;
				CLANG_WARN_COMMA = YES;
				CLANG_WARN_CONSTANT_CONVERSION = YES;
				CLANG_WARN_DEPRECATED_OBJC_IMPLEMENTATIONS = YES;
				CLANG_WARN_DIRECT_OBJC_ISA_USAGE = YES_ERROR;
				CLANG_WARN_DOCUMENTATION_COMMENTS = YES;
				CLANG_WARN_EMPTY_BODY = YES;
				CLANG_WARN_ENUM_CONVERSION = YES;
				CLANG_WARN_INFINITE_RECURSION = YES;
				CLANG_WARN_INT_CONVERSION = YES;
				CLANG_WARN_NON_LITERAL_NULL_CONVERSION = YES;
				CLANG_WARN_OBJC_IMPLICIT_RETAIN_SELF = YES;
				CLANG_WARN_OBJC_LITERAL_CONVERSION = YES;
				CLANG_WARN_OBJC_ROOT_CLASS = YES_ERROR;
				CLANG_WARN_RANGE_LOOP_ANALYSIS = YES;
				CLANG_WARN_STRICT_PROTOTYPES = YES;
				CLANG_WARN_SUSPICIOUS_MOVE = YES;
				CLANG_WARN_UNGUARDED_AVAILABILITY = YES_AGGRESSIVE;
				CLANG_WARN_UNREACHABLE_CODE = YES;
				CLANG_WARN__DUPLICATE_METHOD_MATCH = YES;
				COPY_PHASE_STRIP = NO;
				DEBUG_INFORMATION_FORMAT = dwarf;
				ENABLE_STRICT_OBJC_MSGSEND = YES;
				ENABLE_TESTABILITY = YES;
				GCC_C_LANGUAGE_STANDARD = gnu11;
				GCC_DYNAMIC_NO_PIC = NO;
				GCC_NO_COMMON_BLOCKS = YES;
				GCC_OPTIMIZATION_LEVEL = 0;
				GCC_PREPROCESSOR_DEFINITIONS = (
					"DEBUG=1",
					"$(inherited)",
				);
				GCC_WARN_64_TO_32_BIT_CONVERSION = YES;
				GCC_WARN_ABOUT_RETURN_TYPE = YES_ERROR;
				GCC_WARN_UNDECLARED_SELECTOR = YES;
				GCC_WARN_UNINITIALIZED_AUTOS = YES_AGGRESSIVE;
				GCC_WARN_UNUSED_FUNCTION = YES;
				GCC_WARN_UNUSED_VARIABLE = YES;
				IPHONEOS_DEPLOYMENT_TARGET = 13.0;
				MTL_ENABLE_DEBUG_INFO = INCLUDE_SOURCE;
				MTL_FAST_MATH = YES;
				ONLY_ACTIVE_ARCH = YES;
				SDKROOT = iphoneos;
				SWIFT_ACTIVE_COMPILATION_CONDITIONS = DEBUG;
				SWIFT_OPTIMIZATION_LEVEL = "-Onone";
			};
			name = Debug;
		};
		3C37416F26CCBCF700D6C5CC /* Release */ = {
			isa = XCBuildConfiguration;
			buildSettings = {
				ALWAYS_SEARCH_USER_PATHS = NO;
				CLANG_ANALYZER_NONNULL = YES;
				CLANG_ANALYZER_NUMBER_OBJECT_CONVERSION = YES_AGGRESSIVE;
				CLANG_CXX_LANGUAGE_STANDARD = "gnu++14";
				CLANG_CXX_LIBRARY = "libc++";
				CLANG_ENABLE_MODULES = YES;
				CLANG_ENABLE_OBJC_ARC = YES;
				CLANG_ENABLE_OBJC_WEAK = YES;
				CLANG_WARN_BLOCK_CAPTURE_AUTORELEASING = YES;
				CLANG_WARN_BOOL_CONVERSION = YES;
				CLANG_WARN_COMMA = YES;
				CLANG_WARN_CONSTANT_CONVERSION = YES;
				CLANG_WARN_DEPRECATED_OBJC_IMPLEMENTATIONS = YES;
				CLANG_WARN_DIRECT_OBJC_ISA_USAGE = YES_ERROR;
				CLANG_WARN_DOCUMENTATION_COMMENTS = YES;
				CLANG_WARN_EMPTY_BODY = YES;
				CLANG_WARN_ENUM_CONVERSION = YES;
				CLANG_WARN_INFINITE_RECURSION = YES;
				CLANG_WARN_INT_CONVERSION = YES;
				CLANG_WARN_NON_LITERAL_NULL_CONVERSION = YES;
				CLANG_WARN_OBJC_IMPLICIT_RETAIN_SELF = YES;
				CLANG_WARN_OBJC_LITERAL_CONVERSION = YES;
				CLANG_WARN_OBJC_ROOT_CLASS = YES_ERROR;
				CLANG_WARN_RANGE_LOOP_ANALYSIS = YES;
				CLANG_WARN_STRICT_PROTOTYPES = YES;
				CLANG_WARN_SUSPICIOUS_MOVE = YES;
				CLANG_WARN_UNGUARDED_AVAILABILITY = YES_AGGRESSIVE;
				CLANG_WARN_UNREACHABLE_CODE = YES;
				CLANG_WARN__DUPLICATE_METHOD_MATCH = YES;
				COPY_PHASE_STRIP = NO;
				DEBUG_INFORMATION_FORMAT = "dwarf-with-dsym";
				ENABLE_NS_ASSERTIONS = NO;
				ENABLE_STRICT_OBJC_MSGSEND = YES;
				GCC_C_LANGUAGE_STANDARD = gnu11;
				GCC_NO_COMMON_BLOCKS = YES;
				GCC_WARN_64_TO_32_BIT_CONVERSION = YES;
				GCC_WARN_ABOUT_RETURN_TYPE = YES_ERROR;
				GCC_WARN_UNDECLARED_SELECTOR = YES;
				GCC_WARN_UNINITIALIZED_AUTOS = YES_AGGRESSIVE;
				GCC_WARN_UNUSED_FUNCTION = YES;
				GCC_WARN_UNUSED_VARIABLE = YES;
				IPHONEOS_DEPLOYMENT_TARGET = 13.0;
				MTL_ENABLE_DEBUG_INFO = NO;
				MTL_FAST_MATH = YES;
				SDKROOT = iphoneos;
				SWIFT_COMPILATION_MODE = wholemodule;
				SWIFT_OPTIMIZATION_LEVEL = "-O";
				VALIDATE_PRODUCT = YES;
			};
			name = Release;
		};
		3C37417126CCBCF700D6C5CC /* Debug */ = {
			isa = XCBuildConfiguration;
			buildSettings = {
				ASSETCATALOG_COMPILER_APPICON_NAME = AppIcon;
				CODE_SIGN_STYLE = Automatic;
				DEVELOPMENT_ASSET_PATHS = "\"light-up-piano-app/Preview Content\"";
				ENABLE_PREVIEWS = YES;
				INFOPLIST_FILE = "light-up-piano-app/Info.plist";
				LD_RUNPATH_SEARCH_PATHS = (
					"$(inherited)",
					"@executable_path/Frameworks",
				);
				PRODUCT_BUNDLE_IDENTIFIER = "d-shop.light-up-piano-app";
				PRODUCT_NAME = "$(TARGET_NAME)";
				SWIFT_VERSION = 5.0;
				TARGETED_DEVICE_FAMILY = "1,2";
			};
			name = Debug;
		};
		3C37417226CCBCF700D6C5CC /* Release */ = {
			isa = XCBuildConfiguration;
			buildSettings = {
				ASSETCATALOG_COMPILER_APPICON_NAME = AppIcon;
				CODE_SIGN_STYLE = Automatic;
				DEVELOPMENT_ASSET_PATHS = "\"light-up-piano-app/Preview Content\"";
				ENABLE_PREVIEWS = YES;
				INFOPLIST_FILE = "light-up-piano-app/Info.plist";
				LD_RUNPATH_SEARCH_PATHS = (
					"$(inherited)",
					"@executable_path/Frameworks",
				);
				PRODUCT_BUNDLE_IDENTIFIER = "d-shop.light-up-piano-app";
				PRODUCT_NAME = "$(TARGET_NAME)";
				SWIFT_VERSION = 5.0;
				TARGETED_DEVICE_FAMILY = "1,2";
			};
			name = Release;
		};
		3C37417426CCBCF700D6C5CC /* Debug */ = {
			isa = XCBuildConfiguration;
			buildSettings = {
				ALWAYS_EMBED_SWIFT_STANDARD_LIBRARIES = YES;
				BUNDLE_LOADER = "$(TEST_HOST)";
				CODE_SIGN_STYLE = Automatic;
				INFOPLIST_FILE = "light-up-piano-appTests/Info.plist";
				IPHONEOS_DEPLOYMENT_TARGET = 13.0;
				LD_RUNPATH_SEARCH_PATHS = (
					"$(inherited)",
					"@executable_path/Frameworks",
					"@loader_path/Frameworks",
				);
				PRODUCT_BUNDLE_IDENTIFIER = "d-shop.light-up-piano-appTests";
				PRODUCT_NAME = "$(TARGET_NAME)";
				SWIFT_VERSION = 5.0;
				TARGETED_DEVICE_FAMILY = "1,2";
				TEST_HOST = "$(BUILT_PRODUCTS_DIR)/light-up-piano-app.app/light-up-piano-app";
			};
			name = Debug;
		};
		3C37417526CCBCF700D6C5CC /* Release */ = {
			isa = XCBuildConfiguration;
			buildSettings = {
				ALWAYS_EMBED_SWIFT_STANDARD_LIBRARIES = YES;
				BUNDLE_LOADER = "$(TEST_HOST)";
				CODE_SIGN_STYLE = Automatic;
				INFOPLIST_FILE = "light-up-piano-appTests/Info.plist";
				IPHONEOS_DEPLOYMENT_TARGET = 13.0;
				LD_RUNPATH_SEARCH_PATHS = (
					"$(inherited)",
					"@executable_path/Frameworks",
					"@loader_path/Frameworks",
				);
				PRODUCT_BUNDLE_IDENTIFIER = "d-shop.light-up-piano-appTests";
				PRODUCT_NAME = "$(TARGET_NAME)";
				SWIFT_VERSION = 5.0;
				TARGETED_DEVICE_FAMILY = "1,2";
				TEST_HOST = "$(BUILT_PRODUCTS_DIR)/light-up-piano-app.app/light-up-piano-app";
			};
			name = Release;
		};
		3C37417726CCBCF700D6C5CC /* Debug */ = {
			isa = XCBuildConfiguration;
			buildSettings = {
				ALWAYS_EMBED_SWIFT_STANDARD_LIBRARIES = YES;
				CODE_SIGN_STYLE = Automatic;
				INFOPLIST_FILE = "light-up-piano-appUITests/Info.plist";
				LD_RUNPATH_SEARCH_PATHS = (
					"$(inherited)",
					"@executable_path/Frameworks",
					"@loader_path/Frameworks",
				);
				PRODUCT_BUNDLE_IDENTIFIER = "d-shop.light-up-piano-appUITests";
				PRODUCT_NAME = "$(TARGET_NAME)";
				SWIFT_VERSION = 5.0;
				TARGETED_DEVICE_FAMILY = "1,2";
				TEST_TARGET_NAME = "light-up-piano-app";
			};
			name = Debug;
		};
		3C37417826CCBCF700D6C5CC /* Release */ = {
			isa = XCBuildConfiguration;
			buildSettings = {
				ALWAYS_EMBED_SWIFT_STANDARD_LIBRARIES = YES;
				CODE_SIGN_STYLE = Automatic;
				INFOPLIST_FILE = "light-up-piano-appUITests/Info.plist";
				LD_RUNPATH_SEARCH_PATHS = (
					"$(inherited)",
					"@executable_path/Frameworks",
					"@loader_path/Frameworks",
				);
				PRODUCT_BUNDLE_IDENTIFIER = "d-shop.light-up-piano-appUITests";
				PRODUCT_NAME = "$(TARGET_NAME)";
				SWIFT_VERSION = 5.0;
				TARGETED_DEVICE_FAMILY = "1,2";
				TEST_TARGET_NAME = "light-up-piano-app";
			};
			name = Release;
		};
/* End XCBuildConfiguration section */

/* Begin XCConfigurationList section */
		3C37414126CCBCF400D6C5CC /* Build configuration list for PBXProject "light-up-piano-app" */ = {
			isa = XCConfigurationList;
			buildConfigurations = (
				3C37416E26CCBCF700D6C5CC /* Debug */,
				3C37416F26CCBCF700D6C5CC /* Release */,
			);
			defaultConfigurationIsVisible = 0;
			defaultConfigurationName = Release;
		};
		3C37417026CCBCF700D6C5CC /* Build configuration list for PBXNativeTarget "light-up-piano-app" */ = {
			isa = XCConfigurationList;
			buildConfigurations = (
				3C37417126CCBCF700D6C5CC /* Debug */,
				3C37417226CCBCF700D6C5CC /* Release */,
			);
			defaultConfigurationIsVisible = 0;
			defaultConfigurationName = Release;
		};
		3C37417326CCBCF700D6C5CC /* Build configuration list for PBXNativeTarget "light-up-piano-appTests" */ = {
			isa = XCConfigurationList;
			buildConfigurations = (
				3C37417426CCBCF700D6C5CC /* Debug */,
				3C37417526CCBCF700D6C5CC /* Release */,
			);
			defaultConfigurationIsVisible = 0;
			defaultConfigurationName = Release;
		};
		3C37417626CCBCF700D6C5CC /* Build configuration list for PBXNativeTarget "light-up-piano-appUITests" */ = {
			isa = XCConfigurationList;
			buildConfigurations = (
				3C37417726CCBCF700D6C5CC /* Debug */,
				3C37417826CCBCF700D6C5CC /* Release */,
			);
			defaultConfigurationIsVisible = 0;
			defaultConfigurationName = Release;
		};
/* End XCConfigurationList section */
	};
	rootObject = 3C37413E26CCBCF400D6C5CC /* Project object */;
}
